{
  "version": 4,
  "terraform_version": "1.6.6",
  "serial": 16,
  "lineage": "2de4b4ce-03f8-1c99-a4cf-0faf6ff5ef5a",
  "outputs": {
    "cidr_output": {
      "value": "/28\n",
      "type": "string"
    }
  },
  "resources": [
    {
      "mode": "data",
      "type": "local_file",
      "name": "script_output",
      "provider": "provider[\"registry.terraform.io/hashicorp/local\"]",
      "instances": [
        {
          "schema_version": 0,
          "attributes": {
            "content": "/28\n",
            "content_base64": "LzI4Cg==",
            "content_base64sha256": "4xWmycBLny1bW0Et4XFBZY1su+p0N2SVEczxC/VPj/k=",
            "content_base64sha512": "bK/GEr6SXWWs6k/RNlNXGwJCPuCBDGmp8SyNn/30PAT5r7GBVxief8hbgNBbFI0XyorgyGB5svpSQspcI/ZKSw==",
            "content_md5": "844b42773daf2cd01482312a4161eb5e",
            "content_sha1": "f3821a52332d0cc56251fd29a261d3256b580af0",
            "content_sha256": "e315a6c9c04b9f2d5b5b412de17141658d6cbbea7437649511ccf10bf54f8ff9",
            "content_sha512": "6cafc612be925d65acea4fd13653571b02423ee0810c69a9f12c8d9ffdf43c04f9afb18157189e7fc85b80d05b148d17ca8ae0c86079b2fa5242ca5c23f64a4b",
            "filename": "./output.txt",
            "id": "f3821a52332d0cc56251fd29a261d3256b580af0"
          },
          "sensitive_attributes": []
        }
      ]
    },
    {
      "mode": "managed",
      "type": "aws_subnet",
      "name": "main_subnet",
      "provider": "provider[\"registry.terraform.io/hashicorp/aws\"]",
      "instances": [
        {
          "schema_version": 1,
          "attributes": {
            "arn": "arn:aws:ec2:ap-south-1:786078978940:subnet/subnet-0e66991117b44afaf",
            "assign_ipv6_address_on_creation": false,
            "availability_zone": "ap-south-1a",
            "availability_zone_id": "aps1-az1",
            "cidr_block": "10.0.1.0/28",
            "customer_owned_ipv4_pool": "",
            "enable_dns64": false,
            "enable_lni_at_device_index": 0,
            "enable_resource_name_dns_a_record_on_launch": false,
            "enable_resource_name_dns_aaaa_record_on_launch": false,
            "id": "subnet-0e66991117b44afaf",
            "ipv6_cidr_block": "",
            "ipv6_cidr_block_association_id": "",
            "ipv6_native": false,
            "map_customer_owned_ip_on_launch": false,
            "map_public_ip_on_launch": false,
            "outpost_arn": "",
            "owner_id": "786078978940",
            "private_dns_hostname_type_on_launch": "ip-name",
            "tags": {
              "Name": "MySubnet"
            },
            "tags_all": {
              "Name": "MySubnet"
            },
            "timeouts": null,
            "vpc_id": "vpc-0c315f1eadae90c04"
          },
          "sensitive_attributes": [],
          "private": "eyJlMmJmYjczMC1lY2FhLTExZTYtOGY4OC0zNDM2M2JjN2M0YzAiOnsiY3JlYXRlIjo2MDAwMDAwMDAwMDAsImRlbGV0ZSI6MTIwMDAwMDAwMDAwMH0sInNjaGVtYV92ZXJzaW9uIjoiMSJ9",
          "dependencies": [
            "aws_vpc.main",
            "data.local_file.script_output",
            "null_resource.execute_script"
          ]
        }
      ]
    },
    {
      "mode": "managed",
      "type": "aws_vpc",
      "name": "main",
      "provider": "provider[\"registry.terraform.io/hashicorp/aws\"]",
      "instances": [
        {
          "schema_version": 1,
          "attributes": {
            "arn": "arn:aws:ec2:ap-south-1:786078978940:vpc/vpc-0c315f1eadae90c04",
            "assign_generated_ipv6_cidr_block": false,
            "cidr_block": "10.0.0.0/16",
            "default_network_acl_id": "acl-0015d8bbdaada185a",
            "default_route_table_id": "rtb-0ddbade2b5be64bcf",
            "default_security_group_id": "sg-0825629b4e8a6d631",
            "dhcp_options_id": "dopt-0d3ddbec484e5ca11",
            "enable_dns_hostnames": false,
            "enable_dns_support": true,
            "enable_network_address_usage_metrics": false,
            "id": "vpc-0c315f1eadae90c04",
            "instance_tenancy": "default",
            "ipv4_ipam_pool_id": null,
            "ipv4_netmask_length": null,
            "ipv6_association_id": "",
            "ipv6_cidr_block": "",
            "ipv6_cidr_block_network_border_group": "",
            "ipv6_ipam_pool_id": "",
            "ipv6_netmask_length": 0,
            "main_route_table_id": "rtb-0ddbade2b5be64bcf",
            "owner_id": "786078978940",
            "tags": {
              "Name": "MyVPC"
            },
            "tags_all": {
              "Name": "MyVPC"
            }
          },
          "sensitive_attributes": [],
          "private": "eyJzY2hlbWFfdmVyc2lvbiI6IjEifQ=="
        }
      ]
    },
    {
      "mode": "managed",
      "type": "null_resource",
      "name": "execute_script",
      "provider": "provider[\"registry.terraform.io/hashicorp/null\"]",
      "instances": [
        {
          "schema_version": 0,
          "attributes": {
            "id": "7856907978082806849",
            "triggers": {
              "always_run": "2023-12-26T07:30:19Z"
            }
          },
          "sensitive_attributes": []
        }
      ]
    }
  ],
  "check_results": null
}
